
Microsoft Visual Studio Solution File, Format Version 12.00
# Visual Studio Version 17
VisualStudioVersion = 17.13.35919.96
MinimumVisualStudioVersion = 10.0.40219.1
Project("{FAE04EC0-301F-11D3-BF4B-00C04F79EFBC}") = "ClassLibrary1", "src\ClassLibrary1\ClassLibrary1.csproj", "{47495B22-7CBB-4132-ADB3-7A350D18767B}"
EndProject
Project("{2150E333-8FDC-42A3-9474-1A3956D46DE8}") = "src", "src", "{02EA681E-C7D8-13C7-8484-4AC65E1B71E8}"
EndProject
Project("{2150E333-8FDC-42A3-9474-1A3956D46DE8}") = "test", "test", "{D47FF016-7153-4027-8F54-A25CA0ADE38A}"
EndProject
Project("{FAE04EC0-301F-11D3-BF4B-00C04F79EFBC}") = "TestProject1Tests", "tests\TestProject1Tests\TestProject1Tests.csproj", "{5AEA8BAE-CEF9-469E-A1AF-84A120A19BA6}"
EndProject
Global
	GlobalSection(SolutionConfigurationPlatforms) = preSolution
		Debug|Any CPU = Debug|Any CPU
		Release|Any CPU = Release|Any CPU
	EndGlobalSection
	GlobalSection(ProjectConfigurationPlatforms) = postSolution
		{47495B22-7CBB-4132-ADB3-7A350D18767B}.Debug|Any CPU.ActiveCfg = Debug|Any CPU
		{47495B22-7CBB-4132-ADB3-7A350D18767B}.Debug|Any CPU.Build.0 = Debug|Any CPU
		{47495B22-7CBB-4132-ADB3-7A350D18767B}.Release|Any CPU.ActiveCfg = Release|Any CPU
		{47495B22-7CBB-4132-ADB3-7A350D18767B}.Release|Any CPU.Build.0 = Release|Any CPU
		{5AEA8BAE-CEF9-469E-A1AF-84A120A19BA6}.Debug|Any CPU.ActiveCfg = Debug|Any CPU
		{5AEA8BAE-CEF9-469E-A1AF-84A120A19BA6}.Debug|Any CPU.Build.0 = Debug|Any CPU
		{5AEA8BAE-CEF9-469E-A1AF-84A120A19BA6}.Release|Any CPU.ActiveCfg = Release|Any CPU
		{5AEA8BAE-CEF9-469E-A1AF-84A120A19BA6}.Release|Any CPU.Build.0 = Release|Any CPU
	EndGlobalSection
	GlobalSection(SolutionProperties) = preSolution
		HideSolutionNode = FALSE
	EndGlobalSection
	GlobalSection(NestedProjects) = preSolution
		{47495B22-7CBB-4132-ADB3-7A350D18767B} = {02EA681E-C7D8-13C7-8484-4AC65E1B71E8}
		{5AEA8BAE-CEF9-469E-A1AF-84A120A19BA6} = {D47FF016-7153-4027-8F54-A25CA0ADE38A}
	EndGlobalSection
	GlobalSection(ExtensibilityGlobals) = postSolution
		SolutionGuid = {43FCE818-4A6D-40D3-AA56-EF0DDBE57B95}
	EndGlobalSection
EndGlobal
